// !$*UTF8*$!
{
	archiveVersion = 1;
	classes = {
	};
	objectVersion = 50;
	objects = {

/* Begin PBXBuildFile section */
		BF2FD73826091D2B008B2E11 /* testing.cpp in Sources */ = {isa = PBXBuildFile; fileRef = BF2FD73626091D2B008B2E11 /* testing.cpp */; };
		BFA491F22615D686004C3758 /* VanillaOption.cpp in Sources */ = {isa = PBXBuildFile; fileRef = BFA491F02615D686004C3758 /* VanillaOption.cpp */; };
		BFA491F62615D7BE004C3758 /* EurOption.cpp in Sources */ = {isa = PBXBuildFile; fileRef = BFA491F42615D7BE004C3758 /* EurOption.cpp */; };
		BFA491FA2615D844004C3758 /* matlib.cpp in Sources */ = {isa = PBXBuildFile; fileRef = BFA491F82615D844004C3758 /* matlib.cpp */; };
		BFA491FE2615DECF004C3758 /* BSMModel.cpp in Sources */ = {isa = PBXBuildFile; fileRef = BFA491FC2615DECF004C3758 /* BSMModel.cpp */; };
		BFA492022615E18C004C3758 /* USOption.cpp in Sources */ = {isa = PBXBuildFile; fileRef = BFA492002615E18C004C3758 /* USOption.cpp */; };
		BFA492062615E68C004C3758 /* HermiteBasis.cpp in Sources */ = {isa = PBXBuildFile; fileRef = BFA492042615E68C004C3758 /* HermiteBasis.cpp */; };
		BFB06D2B26125F0500A5DF6D /* PricerOutput.cpp in Sources */ = {isa = PBXBuildFile; fileRef = BFB06D2926125F0500A5DF6D /* PricerOutput.cpp */; };
		BFB06D3B261261C000A5DF6D /* PolynomialBasis.cpp in Sources */ = {isa = PBXBuildFile; fileRef = BFB06D39261261C000A5DF6D /* PolynomialBasis.cpp */; };
		BFCFE819260C884D00C6BC55 /* Matrix.cpp in Sources */ = {isa = PBXBuildFile; fileRef = BFCFE817260C884D00C6BC55 /* Matrix.cpp */; };
		BFCFE81D260C89FA00C6BC55 /* Basis.cpp in Sources */ = {isa = PBXBuildFile; fileRef = BFCFE81B260C89FA00C6BC55 /* Basis.cpp */; };
		BFF262BA25FD310A001620AD /* main.cpp in Sources */ = {isa = PBXBuildFile; fileRef = BFF262B925FD310A001620AD /* main.cpp */; };
/* End PBXBuildFile section */

/* Begin PBXCopyFilesBuildPhase section */
		BFF262B425FD310A001620AD /* CopyFiles */ = {
			isa = PBXCopyFilesBuildPhase;
			buildActionMask = 2147483647;
			dstPath = /usr/share/man/man1/;
			dstSubfolderSpec = 0;
			files = (
			);
			runOnlyForDeploymentPostprocessing = 1;
		};
/* End PBXCopyFilesBuildPhase section */

/* Begin PBXFileReference section */
		BF2FD73526091CD8008B2E11 /* stdafx.hpp */ = {isa = PBXFileReference; lastKnownFileType = sourcecode.cpp.h; path = stdafx.hpp; sourceTree = "<group>"; };
		BF2FD73626091D2B008B2E11 /* testing.cpp */ = {isa = PBXFileReference; lastKnownFileType = sourcecode.cpp.cpp; path = testing.cpp; sourceTree = "<group>"; };
		BF2FD73726091D2B008B2E11 /* testing.hpp */ = {isa = PBXFileReference; lastKnownFileType = sourcecode.cpp.h; path = testing.hpp; sourceTree = "<group>"; };
		BFA491F02615D686004C3758 /* VanillaOption.cpp */ = {isa = PBXFileReference; lastKnownFileType = sourcecode.cpp.cpp; path = VanillaOption.cpp; sourceTree = "<group>"; };
		BFA491F12615D686004C3758 /* VanillaOption.hpp */ = {isa = PBXFileReference; lastKnownFileType = sourcecode.cpp.h; path = VanillaOption.hpp; sourceTree = "<group>"; };
		BFA491F42615D7BE004C3758 /* EurOption.cpp */ = {isa = PBXFileReference; lastKnownFileType = sourcecode.cpp.cpp; path = EurOption.cpp; sourceTree = "<group>"; };
		BFA491F52615D7BE004C3758 /* EurOption.hpp */ = {isa = PBXFileReference; lastKnownFileType = sourcecode.cpp.h; path = EurOption.hpp; sourceTree = "<group>"; };
		BFA491F82615D844004C3758 /* matlib.cpp */ = {isa = PBXFileReference; lastKnownFileType = sourcecode.cpp.cpp; path = matlib.cpp; sourceTree = "<group>"; };
		BFA491F92615D844004C3758 /* matlib.hpp */ = {isa = PBXFileReference; lastKnownFileType = sourcecode.cpp.h; path = matlib.hpp; sourceTree = "<group>"; };
		BFA491FC2615DECF004C3758 /* BSMModel.cpp */ = {isa = PBXFileReference; lastKnownFileType = sourcecode.cpp.cpp; path = BSMModel.cpp; sourceTree = "<group>"; };
		BFA491FD2615DECF004C3758 /* BSMModel.hpp */ = {isa = PBXFileReference; lastKnownFileType = sourcecode.cpp.h; path = BSMModel.hpp; sourceTree = "<group>"; };
		BFA492002615E18C004C3758 /* USOption.cpp */ = {isa = PBXFileReference; lastKnownFileType = sourcecode.cpp.cpp; path = USOption.cpp; sourceTree = "<group>"; };
		BFA492012615E18C004C3758 /* USOption.hpp */ = {isa = PBXFileReference; lastKnownFileType = sourcecode.cpp.h; path = USOption.hpp; sourceTree = "<group>"; };
		BFA492042615E68C004C3758 /* HermiteBasis.cpp */ = {isa = PBXFileReference; lastKnownFileType = sourcecode.cpp.cpp; path = HermiteBasis.cpp; sourceTree = "<group>"; };
		BFA492052615E68C004C3758 /* HermiteBasis.hpp */ = {isa = PBXFileReference; lastKnownFileType = sourcecode.cpp.h; path = HermiteBasis.hpp; sourceTree = "<group>"; };
		BFB06D2826125EA700A5DF6D /* Pricer.hpp */ = {isa = PBXFileReference; lastKnownFileType = sourcecode.cpp.h; path = Pricer.hpp; sourceTree = "<group>"; };
		BFB06D2926125F0500A5DF6D /* PricerOutput.cpp */ = {isa = PBXFileReference; lastKnownFileType = sourcecode.cpp.cpp; path = PricerOutput.cpp; sourceTree = "<group>"; };
		BFB06D2A26125F0500A5DF6D /* PricerOutput.hpp */ = {isa = PBXFileReference; lastKnownFileType = sourcecode.cpp.h; path = PricerOutput.hpp; sourceTree = "<group>"; };
		BFB06D39261261C000A5DF6D /* PolynomialBasis.cpp */ = {isa = PBXFileReference; lastKnownFileType = sourcecode.cpp.cpp; path = PolynomialBasis.cpp; sourceTree = "<group>"; };
		BFB06D3A261261C000A5DF6D /* PolynomialBasis.hpp */ = {isa = PBXFileReference; lastKnownFileType = sourcecode.cpp.h; path = PolynomialBasis.hpp; sourceTree = "<group>"; };
		BFCFE817260C884D00C6BC55 /* Matrix.cpp */ = {isa = PBXFileReference; lastKnownFileType = sourcecode.cpp.cpp; path = Matrix.cpp; sourceTree = "<group>"; };
		BFCFE818260C884D00C6BC55 /* Matrix.hpp */ = {isa = PBXFileReference; lastKnownFileType = sourcecode.cpp.h; path = Matrix.hpp; sourceTree = "<group>"; };
		BFCFE81B260C89FA00C6BC55 /* Basis.cpp */ = {isa = PBXFileReference; lastKnownFileType = sourcecode.cpp.cpp; path = Basis.cpp; sourceTree = "<group>"; };
		BFCFE81C260C89FA00C6BC55 /* Basis.hpp */ = {isa = PBXFileReference; lastKnownFileType = sourcecode.cpp.h; path = Basis.hpp; sourceTree = "<group>"; };
		BFF262B625FD310A001620AD /* ProjetNMF-Semin-lePasdeSecheval */ = {isa = PBXFileReference; explicitFileType = "compiled.mach-o.executable"; includeInIndex = 0; path = "ProjetNMF-Semin-lePasdeSecheval"; sourceTree = BUILT_PRODUCTS_DIR; };
		BFF262B925FD310A001620AD /* main.cpp */ = {isa = PBXFileReference; lastKnownFileType = sourcecode.cpp.cpp; path = main.cpp; sourceTree = "<group>"; };
/* End PBXFileReference section */

/* Begin PBXFrameworksBuildPhase section */
		BFF262B325FD310A001620AD /* Frameworks */ = {
			isa = PBXFrameworksBuildPhase;
			buildActionMask = 2147483647;
			files = (
			);
			runOnlyForDeploymentPostprocessing = 0;
		};
/* End PBXFrameworksBuildPhase section */

/* Begin PBXGroup section */
		BFF262AD25FD310A001620AD = {
			isa = PBXGroup;
			children = (
				BFF262B825FD310A001620AD /* ProjetNMF-Semin-lePasdeSecheval */,
				BFF262B725FD310A001620AD /* Products */,
			);
			sourceTree = "<group>";
		};
		BFF262B725FD310A001620AD /* Products */ = {
			isa = PBXGroup;
			children = (
				BFF262B625FD310A001620AD /* ProjetNMF-Semin-lePasdeSecheval */,
			);
			name = Products;
			sourceTree = "<group>";
		};
		BFF262B825FD310A001620AD /* ProjetNMF-Semin-lePasdeSecheval */ = {
			isa = PBXGroup;
			children = (
				BFCFE81B260C89FA00C6BC55 /* Basis.cpp */,
				BFCFE81C260C89FA00C6BC55 /* Basis.hpp */,
				BFA491FC2615DECF004C3758 /* BSMModel.cpp */,
				BFA491FD2615DECF004C3758 /* BSMModel.hpp */,
				BFA491F42615D7BE004C3758 /* EurOption.cpp */,
				BFA491F52615D7BE004C3758 /* EurOption.hpp */,
				BFA492042615E68C004C3758 /* HermiteBasis.cpp */,
				BFA492052615E68C004C3758 /* HermiteBasis.hpp */,
				BFF262B925FD310A001620AD /* main.cpp */,
				BFA491F82615D844004C3758 /* matlib.cpp */,
				BFA491F92615D844004C3758 /* matlib.hpp */,
				BFCFE817260C884D00C6BC55 /* Matrix.cpp */,
				BFCFE818260C884D00C6BC55 /* Matrix.hpp */,
				BFB06D39261261C000A5DF6D /* PolynomialBasis.cpp */,
				BFB06D3A261261C000A5DF6D /* PolynomialBasis.hpp */,
				BFB06D2826125EA700A5DF6D /* Pricer.hpp */,
				BFB06D2926125F0500A5DF6D /* PricerOutput.cpp */,
				BFB06D2A26125F0500A5DF6D /* PricerOutput.hpp */,
				BF2FD73526091CD8008B2E11 /* stdafx.hpp */,
				BF2FD73626091D2B008B2E11 /* testing.cpp */,
				BF2FD73726091D2B008B2E11 /* testing.hpp */,
				BFA492002615E18C004C3758 /* USOption.cpp */,
				BFA492012615E18C004C3758 /* USOption.hpp */,
				BFA491F02615D686004C3758 /* VanillaOption.cpp */,
				BFA491F12615D686004C3758 /* VanillaOption.hpp */,
			);
			path = "ProjetNMF-Semin-lePasdeSecheval";
			sourceTree = "<group>";
		};
/* End PBXGroup section */

/* Begin PBXNativeTarget section */
		BFF262B525FD310A001620AD /* ProjetNMF-Semin-lePasdeSecheval */ = {
			isa = PBXNativeTarget;
			buildConfigurationList = BFF262BD25FD310A001620AD /* Build configuration list for PBXNativeTarget "ProjetNMF-Semin-lePasdeSecheval" */;
			buildPhases = (
				BFF262B225FD310A001620AD /* Sources */,
				BFF262B325FD310A001620AD /* Frameworks */,
				BFF262B425FD310A001620AD /* CopyFiles */,
			);
			buildRules = (
			);
			dependencies = (
			);
			name = "ProjetNMF-Semin-lePasdeSecheval";
			productName = "ProjetNMF-Semin-lePasdeSecheval";
			productReference = BFF262B625FD310A001620AD /* ProjetNMF-Semin-lePasdeSecheval */;
			productType = "com.apple.product-type.tool";
		};
/* End PBXNativeTarget section */

/* Begin PBXProject section */
		BFF262AE25FD310A001620AD /* Project object */ = {
			isa = PBXProject;
			attributes = {
				LastUpgradeCheck = 1240;
				TargetAttributes = {
					BFF262B525FD310A001620AD = {
						CreatedOnToolsVersion = 12.4;
					};
				};
			};
			buildConfigurationList = BFF262B125FD310A001620AD /* Build configuration list for PBXProject "ProjetNMF-Semin-lePasdeSecheval" */;
			compatibilityVersion = "Xcode 9.3";
			developmentRegion = en;
			hasScannedForEncodings = 0;
			knownRegions = (
				en,
				Base,
			);
			mainGroup = BFF262AD25FD310A001620AD;
			productRefGroup = BFF262B725FD310A001620AD /* Products */;
			projectDirPath = "";
			projectRoot = "";
			targets = (
				BFF262B525FD310A001620AD /* ProjetNMF-Semin-lePasdeSecheval */,
			);
		};
/* End PBXProject section */

/* Begin PBXSourcesBuildPhase section */
		BFF262B225FD310A001620AD /* Sources */ = {
			isa = PBXSourcesBuildPhase;
			buildActionMask = 2147483647;
			files = (
				BFB06D3B261261C000A5DF6D /* PolynomialBasis.cpp in Sources */,
				BFB06D2B26125F0500A5DF6D /* PricerOutput.cpp in Sources */,
				BFA491FE2615DECF004C3758 /* BSMModel.cpp in Sources */,
				BFCFE81D260C89FA00C6BC55 /* Basis.cpp in Sources */,
				BFA491FA2615D844004C3758 /* matlib.cpp in Sources */,
				BFA491F62615D7BE004C3758 /* EurOption.cpp in Sources */,
				BFCFE819260C884D00C6BC55 /* Matrix.cpp in Sources */,
				BF2FD73826091D2B008B2E11 /* testing.cpp in Sources */,
				BFA492022615E18C004C3758 /* USOption.cpp in Sources */,
				BFA492062615E68C004C3758 /* HermiteBasis.cpp in Sources */,
				BFA491F22615D686004C3758 /* VanillaOption.cpp in Sources */,
				BFF262BA25FD310A001620AD /* main.cpp in Sources */,
			);
			runOnlyForDeploymentPostprocessing = 0;
		};
/* End PBXSourcesBuildPhase section */

/* Begin XCBuildConfiguration section */
		BFF262BB25FD310A001620AD /* Debug */ = {
			isa = XCBuildConfiguration;
			buildSettings = {
				ALWAYS_SEARCH_USER_PATHS = NO;
				CLANG_ANALYZER_NONNULL = YES;
				CLANG_ANALYZER_NUMBER_OBJECT_CONVERSION = YES_AGGRESSIVE;
				CLANG_CXX_LANGUAGE_STANDARD = "gnu++14";
				CLANG_CXX_LIBRARY = "libc++";
				CLANG_ENABLE_MODULES = YES;
				CLANG_ENABLE_OBJC_ARC = YES;
				CLANG_ENABLE_OBJC_WEAK = YES;
				CLANG_WARN_BLOCK_CAPTURE_AUTORELEASING = YES;
				CLANG_WARN_BOOL_CONVERSION = YES;
				CLANG_WARN_COMMA = YES;
				CLANG_WARN_CONSTANT_CONVERSION = YES;
				CLANG_WARN_DEPRECATED_OBJC_IMPLEMENTATIONS = YES;
				CLANG_WARN_DIRECT_OBJC_ISA_USAGE = YES_ERROR;
				CLANG_WARN_DOCUMENTATION_COMMENTS = YES;
				CLANG_WARN_EMPTY_BODY = YES;
				CLANG_WARN_ENUM_CONVERSION = YES;
				CLANG_WARN_INFINITE_RECURSION = YES;
				CLANG_WARN_INT_CONVERSION = YES;
				CLANG_WARN_NON_LITERAL_NULL_CONVERSION = YES;
				CLANG_WARN_OBJC_IMPLICIT_RETAIN_SELF = YES;
				CLANG_WARN_OBJC_LITERAL_CONVERSION = YES;
				CLANG_WARN_OBJC_ROOT_CLASS = YES_ERROR;
				CLANG_WARN_QUOTED_INCLUDE_IN_FRAMEWORK_HEADER = YES;
				CLANG_WARN_RANGE_LOOP_ANALYSIS = YES;
				CLANG_WARN_STRICT_PROTOTYPES = YES;
				CLANG_WARN_SUSPICIOUS_MOVE = YES;
				CLANG_WARN_UNGUARDED_AVAILABILITY = YES_AGGRESSIVE;
				CLANG_WARN_UNREACHABLE_CODE = YES;
				CLANG_WARN__DUPLICATE_METHOD_MATCH = YES;
				COPY_PHASE_STRIP = NO;
				DEBUG_INFORMATION_FORMAT = dwarf;
				ENABLE_STRICT_OBJC_MSGSEND = YES;
				ENABLE_TESTABILITY = YES;
				GCC_C_LANGUAGE_STANDARD = gnu11;
				GCC_DYNAMIC_NO_PIC = NO;
				GCC_NO_COMMON_BLOCKS = YES;
				GCC_OPTIMIZATION_LEVEL = 0;
				GCC_PREPROCESSOR_DEFINITIONS = (
					"DEBUG=1",
					"$(inherited)",
				);
				GCC_WARN_64_TO_32_BIT_CONVERSION = YES;
				GCC_WARN_ABOUT_RETURN_TYPE = YES_ERROR;
				GCC_WARN_UNDECLARED_SELECTOR = YES;
				GCC_WARN_UNINITIALIZED_AUTOS = YES_AGGRESSIVE;
				GCC_WARN_UNUSED_FUNCTION = YES;
				GCC_WARN_UNUSED_VARIABLE = YES;
				MACOSX_DEPLOYMENT_TARGET = 11.1;
				MTL_ENABLE_DEBUG_INFO = INCLUDE_SOURCE;
				MTL_FAST_MATH = YES;
				ONLY_ACTIVE_ARCH = YES;
				SDKROOT = macosx;
			};
			name = Debug;
		};
		BFF262BC25FD310A001620AD /* Release */ = {
			isa = XCBuildConfiguration;
			buildSettings = {
				ALWAYS_SEARCH_USER_PATHS = NO;
				CLANG_ANALYZER_NONNULL = YES;
				CLANG_ANALYZER_NUMBER_OBJECT_CONVERSION = YES_AGGRESSIVE;
				CLANG_CXX_LANGUAGE_STANDARD = "gnu++14";
				CLANG_CXX_LIBRARY = "libc++";
				CLANG_ENABLE_MODULES = YES;
				CLANG_ENABLE_OBJC_ARC = YES;
				CLANG_ENABLE_OBJC_WEAK = YES;
				CLANG_WARN_BLOCK_CAPTURE_AUTORELEASING = YES;
				CLANG_WARN_BOOL_CONVERSION = YES;
				CLANG_WARN_COMMA = YES;
				CLANG_WARN_CONSTANT_CONVERSION = YES;
				CLANG_WARN_DEPRECATED_OBJC_IMPLEMENTATIONS = YES;
				CLANG_WARN_DIRECT_OBJC_ISA_USAGE = YES_ERROR;
				CLANG_WARN_DOCUMENTATION_COMMENTS = YES;
				CLANG_WARN_EMPTY_BODY = YES;
				CLANG_WARN_ENUM_CONVERSION = YES;
				CLANG_WARN_INFINITE_RECURSION = YES;
				CLANG_WARN_INT_CONVERSION = YES;
				CLANG_WARN_NON_LITERAL_NULL_CONVERSION = YES;
				CLANG_WARN_OBJC_IMPLICIT_RETAIN_SELF = YES;
				CLANG_WARN_OBJC_LITERAL_CONVERSION = YES;
				CLANG_WARN_OBJC_ROOT_CLASS = YES_ERROR;
				CLANG_WARN_QUOTED_INCLUDE_IN_FRAMEWORK_HEADER = YES;
				CLANG_WARN_RANGE_LOOP_ANALYSIS = YES;
				CLANG_WARN_STRICT_PROTOTYPES = YES;
				CLANG_WARN_SUSPICIOUS_MOVE = YES;
				CLANG_WARN_UNGUARDED_AVAILABILITY = YES_AGGRESSIVE;
				CLANG_WARN_UNREACHABLE_CODE = YES;
				CLANG_WARN__DUPLICATE_METHOD_MATCH = YES;
				COPY_PHASE_STRIP = NO;
				DEBUG_INFORMATION_FORMAT = "dwarf-with-dsym";
				ENABLE_NS_ASSERTIONS = NO;
				ENABLE_STRICT_OBJC_MSGSEND = YES;
				GCC_C_LANGUAGE_STANDARD = gnu11;
				GCC_NO_COMMON_BLOCKS = YES;
				GCC_WARN_64_TO_32_BIT_CONVERSION = YES;
				GCC_WARN_ABOUT_RETURN_TYPE = YES_ERROR;
				GCC_WARN_UNDECLARED_SELECTOR = YES;
				GCC_WARN_UNINITIALIZED_AUTOS = YES_AGGRESSIVE;
				GCC_WARN_UNUSED_FUNCTION = YES;
				GCC_WARN_UNUSED_VARIABLE = YES;
				MACOSX_DEPLOYMENT_TARGET = 11.1;
				MTL_ENABLE_DEBUG_INFO = NO;
				MTL_FAST_MATH = YES;
				SDKROOT = macosx;
			};
			name = Release;
		};
		BFF262BE25FD310A001620AD /* Debug */ = {
			isa = XCBuildConfiguration;
			buildSettings = {
				CODE_SIGN_STYLE = Automatic;
				DEVELOPMENT_TEAM = XJSMYYXKS5;
				ENABLE_HARDENED_RUNTIME = YES;
				GCC_PRECOMPILE_PREFIX_HEADER = YES;
				GCC_PREFIX_HEADER = "/Users/Louis/OneDrive/Documents/LE 2020-2021/T3/Méthodes numériques avancées/Projet/ProjetNMF-Semin-lePasdeSecheval/ProjetNMF-Semin-lePasdeSecheval/stdafx.hpp";
				PRODUCT_NAME = "$(TARGET_NAME)";
			};
			name = Debug;
		};
		BFF262BF25FD310A001620AD /* Release */ = {
			isa = XCBuildConfiguration;
			buildSettings = {
				CODE_SIGN_STYLE = Automatic;
				DEVELOPMENT_TEAM = XJSMYYXKS5;
				ENABLE_HARDENED_RUNTIME = YES;
				GCC_PRECOMPILE_PREFIX_HEADER = YES;
				GCC_PREFIX_HEADER = "/Users/Louis/OneDrive/Documents/LE 2020-2021/T3/Méthodes numériques avancées/Projet/ProjetNMF-Semin-lePasdeSecheval/ProjetNMF-Semin-lePasdeSecheval/stdafx.hpp";
				PRODUCT_NAME = "$(TARGET_NAME)";
			};
			name = Release;
		};
/* End XCBuildConfiguration section */

/* Begin XCConfigurationList section */
		BFF262B125FD310A001620AD /* Build configuration list for PBXProject "ProjetNMF-Semin-lePasdeSecheval" */ = {
			isa = XCConfigurationList;
			buildConfigurations = (
				BFF262BB25FD310A001620AD /* Debug */,
				BFF262BC25FD310A001620AD /* Release */,
			);
			defaultConfigurationIsVisible = 0;
			defaultConfigurationName = Release;
		};
		BFF262BD25FD310A001620AD /* Build configuration list for PBXNativeTarget "ProjetNMF-Semin-lePasdeSecheval" */ = {
			isa = XCConfigurationList;
			buildConfigurations = (
				BFF262BE25FD310A001620AD /* Debug */,
				BFF262BF25FD310A001620AD /* Release */,
			);
			defaultConfigurationIsVisible = 0;
			defaultConfigurationName = Release;
		};
/* End XCConfigurationList section */
	};
	rootObject = BFF262AE25FD310A001620AD /* Project object */;
}
